
Microsoft Visual Studio Solution File, Format Version 12.00
# Visual Studio 15
VisualStudioVersion = 15.0.28307.1231
MinimumVisualStudioVersion = 10.0.40219.1
Project("{FAE04EC0-301F-11D3-BF4B-00C04F79EFBC}") = "encryption", "encryption\encryption.csproj", "{F11E4EA0-B71C-4E0F-8DBB-F572CCAFD696}"
EndProject
Global
	GlobalSection(SolutionConfigurationPlatforms) = preSolution
		Debug|Any CPU = Debug|Any CPU
		Release|Any CPU = Release|Any CPU
	EndGlobalSection
	GlobalSection(ProjectConfigurationPlatforms) = postSolution
		{F11E4EA0-B71C-4E0F-8DBB-F572CCAFD696}.Debug|Any CPU.ActiveCfg = Debug|Any CPU
		{F11E4EA0-B71C-4E0F-8DBB-F572CCAFD696}.Debug|Any CPU.Build.0 = Debug|Any CPU
		{F11E4EA0-B71C-4E0F-8DBB-F572CCAFD696}.Release|Any CPU.ActiveCfg = Release|Any CPU
		{F11E4EA0-B71C-4E0F-8DBB-F572CCAFD696}.Release|Any CPU.Build.0 = Release|Any CPU
	EndGlobalSection
	GlobalSection(SolutionProperties) = preSolution
		HideSolutionNode = FALSE
	EndGlobalSection
	GlobalSection(ExtensibilityGlobals) = postSolution
		SolutionGuid = {FD9A4F23-333E-48FB-AD81-E4B71EF8F832}
	EndGlobalSection
EndGlobal
